{
  "name": "consulting-brics",
  "version": "1.0.0",
  "lockfileVersion": 2,
  "requires": true,
  "packages": {
    "": {
      "name": "consulting-brics",
      "version": "1.0.0",
      "license": "ISC",
      "dependencies": {
        "@fortawesome/fontawesome-free": "^5.15.1",
        "@popperjs/core": "^2.6.0",
        "animate.css": "^4.1.1",
        "aos": "^3.0.0-beta.6",
        "bootstrap": "^4.5.3",
        "infinite-scroll": "^4.0.1",
        "jquery": "^3.5.1",
        "typed.js": "^2.0.11",
        "typewriter-effect": "^2.17.0",
        "waypoints": "^4.0.1"
      }
    },
    "node_modules/@fortawesome/fontawesome-free": {
      "version": "5.15.1",
      "resolved": "https://registry.npmjs.org/@fortawesome/fontawesome-free/-/fontawesome-free-5.15.1.tgz",
      "integrity": "sha512-OEdH7SyC1suTdhBGW91/zBfR6qaIhThbcN8PUXtXilY4GYnSBbVqOntdHbC1vXwsDnX0Qix2m2+DSU1J51ybOQ==",
      "engines": {
        "node": ">=6"
      }
    },
    "node_modules/@popperjs/core": {
      "version": "2.6.0",
      "resolved": "https://registry.npmjs.org/@popperjs/core/-/core-2.6.0.tgz",
      "integrity": "sha512-cPqjjzuFWNK3BSKLm0abspP0sp/IGOli4p5I5fKFAzdS8fvjdOwDCfZqAaIiXd9lPkOWi3SUUfZof3hEb7J/uw=="
    },
    "node_modules/animate.css": {
      "version": "4.1.1",
      "resolved": "https://registry.npmjs.org/animate.css/-/animate.css-4.1.1.tgz",
      "integrity": "sha512-+mRmCTv6SbCmtYJCN4faJMNFVNN5EuCTTprDTAo7YzIGji2KADmakjVA3+8mVDkZ2Bf09vayB35lSQIex2+QaQ=="
    },
    "node_modules/aos": {
      "version": "3.0.0-beta.6",
      "resolved": "https://registry.npmjs.org/aos/-/aos-3.0.0-beta.6.tgz",
      "integrity": "sha512-VLWrpq8bfAWcetynVHMMrqdC+89Qq/Ym6UBJbHB4crIwp3RR8uq1dNGgsFzoDl03S43rlVMK+na3r5+oUCZsYw==",
      "dependencies": {
        "classlist-polyfill": "^1.2.0",
        "lodash.debounce": "^4.0.8",
        "lodash.throttle": "^4.1.1"
      }
    },
    "node_modules/bootstrap": {
      "version": "4.5.3",
      "resolved": "https://registry.npmjs.org/bootstrap/-/bootstrap-4.5.3.tgz",
      "integrity": "sha512-o9ppKQioXGqhw8Z7mah6KdTYpNQY//tipnkxppWhPbiSWdD+1raYsnhwEZjkTHYbGee4cVQ0Rx65EhOY/HNLcQ=="
    },
    "node_modules/classlist-polyfill": {
      "version": "1.2.0",
      "resolved": "https://registry.npmjs.org/classlist-polyfill/-/classlist-polyfill-1.2.0.tgz",
      "integrity": "sha1-k1vC39lFiodrJ5YXUUY4vKqWSi4="
    },
    "node_modules/ev-emitter": {
      "version": "2.1.0",
      "resolved": "https://registry.npmjs.org/ev-emitter/-/ev-emitter-2.1.0.tgz",
      "integrity": "sha512-73qJdHUbyfA6ykAvWf4bBV7fQNYVOPd9nA3qfiQkgKVgIBKro/MAfJnZgyayWUapHU0Y5Qk9unofK3WirjkrVQ=="
    },
    "node_modules/fizzy-ui-utils": {
      "version": "3.0.0",
      "resolved": "https://registry.npmjs.org/fizzy-ui-utils/-/fizzy-ui-utils-3.0.0.tgz",
      "integrity": "sha512-uJj38QFQiJ/KCio5tiZhwAjIbTXSIgzBCKdKVbaYfLS053F6z23Nb0o1ZoO9gnxOQWN7BCc35jsvrCtAq3gY9g=="
    },
    "node_modules/infinite-scroll": {
      "version": "4.0.1",
      "resolved": "https://registry.npmjs.org/infinite-scroll/-/infinite-scroll-4.0.1.tgz",
      "integrity": "sha512-14Utu6d8g6mO5PmwUxfAUK5uaKdClIkrJqLmBYXj/AMBRy5ApsCWkkY84HvsSq4MM1A062gtf58S9OiD5WBfRA==",
      "dependencies": {
        "ev-emitter": "^2.1.0",
        "fizzy-ui-utils": "^3.0.0"
      }
    },
    "node_modules/jquery": {
      "version": "3.5.1",
      "resolved": "https://registry.npmjs.org/jquery/-/jquery-3.5.1.tgz",
      "integrity": "sha512-XwIBPqcMn57FxfT+Go5pzySnm4KWkT1Tv7gjrpT1srtf8Weynl6R273VJ5GjkRb51IzMp5nbaPjJXMWeju2MKg=="
    },
    "node_modules/js-tokens": {
      "version": "4.0.0",
      "resolved": "https://registry.npmjs.org/js-tokens/-/js-tokens-4.0.0.tgz",
      "integrity": "sha512-RdJUflcE3cUzKiMqQgsCu06FPu9UdIJO0beYbPhHN4k6apgJtifcoCtT9bcxOpYBtpD2kCM6Sbzg4CausW/PKQ=="
    },
    "node_modules/lodash.debounce": {
      "version": "4.0.8",
      "resolved": "https://registry.npmjs.org/lodash.debounce/-/lodash.debounce-4.0.8.tgz",
      "integrity": "sha1-gteb/zCmfEAF/9XiUVMArZyk168="
    },
    "node_modules/lodash.throttle": {
      "version": "4.1.1",
      "resolved": "https://registry.npmjs.org/lodash.throttle/-/lodash.throttle-4.1.1.tgz",
      "integrity": "sha1-wj6RtxAkKscMN/HhzaknTMOb8vQ="
    },
    "node_modules/loose-envify": {
      "version": "1.4.0",
      "resolved": "https://registry.npmjs.org/loose-envify/-/loose-envify-1.4.0.tgz",
      "integrity": "sha512-lyuxPGr/Wfhrlem2CL/UcnUc1zcqKAImBDzukY7Y5F/yQiNdko6+fRLevlw1HgMySw7f611UIY408EtxRSoK3Q==",
      "dependencies": {
        "js-tokens": "^3.0.0 || ^4.0.0"
      },
      "bin": {
        "loose-envify": "cli.js"
      }
    },
    "node_modules/object-assign": {
      "version": "4.1.1",
      "resolved": "https://registry.npmjs.org/object-assign/-/object-assign-4.1.1.tgz",
      "integrity": "sha1-IQmtx5ZYh8/AXLvUQsrIv7s2CGM=",
      "engines": {
        "node": ">=0.10.0"
      }
    },
    "node_modules/performance-now": {
      "version": "2.1.0",
      "resolved": "https://registry.npmjs.org/performance-now/-/performance-now-2.1.0.tgz",
      "integrity": "sha1-Ywn04OX6kT7BxpMHrjZLSzd8nns="
    },
    "node_modules/prop-types": {
      "version": "15.7.2",
      "resolved": "https://registry.npmjs.org/prop-types/-/prop-types-15.7.2.tgz",
      "integrity": "sha512-8QQikdH7//R2vurIJSutZ1smHYTcLpRWEOlHnzcWHmBYrOGUysKwSsrC89BCiFj3CbrfJ/nXFdJepOVrY1GCHQ==",
      "dependencies": {
        "loose-envify": "^1.4.0",
        "object-assign": "^4.1.1",
        "react-is": "^16.8.1"
      }
    },
    "node_modules/raf": {
      "version": "3.4.1",
      "resolved": "https://registry.npmjs.org/raf/-/raf-3.4.1.tgz",
      "integrity": "sha512-Sq4CW4QhwOHE8ucn6J34MqtZCeWFP2aQSmrlroYgqAV1PjStIhJXxYuTgUIfkEk7zTLjmIjLmU5q+fbD1NnOJA==",
      "dependencies": {
        "performance-now": "^2.1.0"
      }
    },
    "node_modules/react-is": {
      "version": "16.13.1",
      "resolved": "https://registry.npmjs.org/react-is/-/react-is-16.13.1.tgz",
      "integrity": "sha512-24e6ynE2H+OKt4kqsOvNd8kBpV65zoxbA4BVsEOB3ARVWQki/DHzaUoC5KuON/BiccDaCCTZBuOcfZs70kR8bQ=="
    },
    "node_modules/typed.js": {
      "version": "2.0.11",
      "resolved": "https://registry.npmjs.org/typed.js/-/typed.js-2.0.11.tgz",
      "integrity": "sha512-1ZORHalEyLob34q738mqmwp0pT6syMigB1SZuTItqdhovWBKFIt7I5uVALXAGQZCg2MCtihCt6uqkoqPJK+9iQ=="
    },
    "node_modules/typewriter-effect": {
      "version": "2.17.0",
      "resolved": "https://registry.npmjs.org/typewriter-effect/-/typewriter-effect-2.17.0.tgz",
      "integrity": "sha512-cm1By4n2PtClIlyvVtL22BOBxDJZl6dqNqbs5UShteWgX4ovBZG5q2iEIFKG+0JS17O0NXUdtiOSlbQrEnZleg==",
      "dependencies": {
        "prop-types": "^15.6.2",
        "raf": "^3.4.0"
      }
    },
    "node_modules/waypoints": {
      "version": "4.0.1",
      "resolved": "https://registry.npmjs.org/waypoints/-/waypoints-4.0.1.tgz",
      "integrity": "sha1-CZeaBXOBCylifLpDZqKEoGLsacg="
    }
  },
  "dependencies": {
    "@fortawesome/fontawesome-free": {
      "version": "5.15.1",
      "resolved": "https://registry.npmjs.org/@fortawesome/fontawesome-free/-/fontawesome-free-5.15.1.tgz",
      "integrity": "sha512-OEdH7SyC1suTdhBGW91/zBfR6qaIhThbcN8PUXtXilY4GYnSBbVqOntdHbC1vXwsDnX0Qix2m2+DSU1J51ybOQ=="
    },
    "@popperjs/core": {
      "version": "2.6.0",
      "resolved": "https://registry.npmjs.org/@popperjs/core/-/core-2.6.0.tgz",
      "integrity": "sha512-cPqjjzuFWNK3BSKLm0abspP0sp/IGOli4p5I5fKFAzdS8fvjdOwDCfZqAaIiXd9lPkOWi3SUUfZof3hEb7J/uw=="
    },
    "animate.css": {
      "version": "4.1.1",
      "resolved": "https://registry.npmjs.org/animate.css/-/animate.css-4.1.1.tgz",
      "integrity": "sha512-+mRmCTv6SbCmtYJCN4faJMNFVNN5EuCTTprDTAo7YzIGji2KADmakjVA3+8mVDkZ2Bf09vayB35lSQIex2+QaQ=="
    },
    "aos": {
      "version": "3.0.0-beta.6",
      "resolved": "https://registry.npmjs.org/aos/-/aos-3.0.0-beta.6.tgz",
      "integrity": "sha512-VLWrpq8bfAWcetynVHMMrqdC+89Qq/Ym6UBJbHB4crIwp3RR8uq1dNGgsFzoDl03S43rlVMK+na3r5+oUCZsYw==",
      "requires": {
        "classlist-polyfill": "^1.2.0",
        "lodash.debounce": "^4.0.8",
        "lodash.throttle": "^4.1.1"
      }
    },
    "bootstrap": {
      "version": "4.5.3",
      "resolved": "https://registry.npmjs.org/bootstrap/-/bootstrap-4.5.3.tgz",
      "integrity": "sha512-o9ppKQioXGqhw8Z7mah6KdTYpNQY//tipnkxppWhPbiSWdD+1raYsnhwEZjkTHYbGee4cVQ0Rx65EhOY/HNLcQ=="
    },
    "classlist-polyfill": {
      "version": "1.2.0",
      "resolved": "https://registry.npmjs.org/classlist-polyfill/-/classlist-polyfill-1.2.0.tgz",
      "integrity": "sha1-k1vC39lFiodrJ5YXUUY4vKqWSi4="
    },
    "ev-emitter": {
      "version": "2.1.0",
      "resolved": "https://registry.npmjs.org/ev-emitter/-/ev-emitter-2.1.0.tgz",
      "integrity": "sha512-73qJdHUbyfA6ykAvWf4bBV7fQNYVOPd9nA3qfiQkgKVgIBKro/MAfJnZgyayWUapHU0Y5Qk9unofK3WirjkrVQ=="
    },
    "fizzy-ui-utils": {
      "version": "3.0.0",
      "resolved": "https://registry.npmjs.org/fizzy-ui-utils/-/fizzy-ui-utils-3.0.0.tgz",
      "integrity": "sha512-uJj38QFQiJ/KCio5tiZhwAjIbTXSIgzBCKdKVbaYfLS053F6z23Nb0o1ZoO9gnxOQWN7BCc35jsvrCtAq3gY9g=="
    },
    "infinite-scroll": {
      "version": "4.0.1",
      "resolved": "https://registry.npmjs.org/infinite-scroll/-/infinite-scroll-4.0.1.tgz",
      "integrity": "sha512-14Utu6d8g6mO5PmwUxfAUK5uaKdClIkrJqLmBYXj/AMBRy5ApsCWkkY84HvsSq4MM1A062gtf58S9OiD5WBfRA==",
      "requires": {
        "ev-emitter": "^2.1.0",
        "fizzy-ui-utils": "^3.0.0"
      }
    },
    "jquery": {
      "version": "3.5.1",
      "resolved": "https://registry.npmjs.org/jquery/-/jquery-3.5.1.tgz",
      "integrity": "sha512-XwIBPqcMn57FxfT+Go5pzySnm4KWkT1Tv7gjrpT1srtf8Weynl6R273VJ5GjkRb51IzMp5nbaPjJXMWeju2MKg=="
    },
    "js-tokens": {
      "version": "4.0.0",
      "resolved": "https://registry.npmjs.org/js-tokens/-/js-tokens-4.0.0.tgz",
      "integrity": "sha512-RdJUflcE3cUzKiMqQgsCu06FPu9UdIJO0beYbPhHN4k6apgJtifcoCtT9bcxOpYBtpD2kCM6Sbzg4CausW/PKQ=="
    },
    "lodash.debounce": {
      "version": "4.0.8",
      "resolved": "https://registry.npmjs.org/lodash.debounce/-/lodash.debounce-4.0.8.tgz",
      "integrity": "sha1-gteb/zCmfEAF/9XiUVMArZyk168="
    },
    "lodash.throttle": {
      "version": "4.1.1",
      "resolved": "https://registry.npmjs.org/lodash.throttle/-/lodash.throttle-4.1.1.tgz",
      "integrity": "sha1-wj6RtxAkKscMN/HhzaknTMOb8vQ="
    },
    "loose-envify": {
      "version": "1.4.0",
      "resolved": "https://registry.npmjs.org/loose-envify/-/loose-envify-1.4.0.tgz",
      "integrity": "sha512-lyuxPGr/Wfhrlem2CL/UcnUc1zcqKAImBDzukY7Y5F/yQiNdko6+fRLevlw1HgMySw7f611UIY408EtxRSoK3Q==",
      "requires": {
        "js-tokens": "^3.0.0 || ^4.0.0"
      }
    },
    "object-assign": {
      "version": "4.1.1",
      "resolved": "https://registry.npmjs.org/object-assign/-/object-assign-4.1.1.tgz",
      "integrity": "sha1-IQmtx5ZYh8/AXLvUQsrIv7s2CGM="
    },
    "performance-now": {
      "version": "2.1.0",
      "resolved": "https://registry.npmjs.org/performance-now/-/performance-now-2.1.0.tgz",
      "integrity": "sha1-Ywn04OX6kT7BxpMHrjZLSzd8nns="
    },
    "prop-types": {
      "version": "15.7.2",
      "resolved": "https://registry.npmjs.org/prop-types/-/prop-types-15.7.2.tgz",
      "integrity": "sha512-8QQikdH7//R2vurIJSutZ1smHYTcLpRWEOlHnzcWHmBYrOGUysKwSsrC89BCiFj3CbrfJ/nXFdJepOVrY1GCHQ==",
      "requires": {
        "loose-envify": "^1.4.0",
        "object-assign": "^4.1.1",
        "react-is": "^16.8.1"
      }
    },
    "raf": {
      "version": "3.4.1",
      "resolved": "https://registry.npmjs.org/raf/-/raf-3.4.1.tgz",
      "integrity": "sha512-Sq4CW4QhwOHE8ucn6J34MqtZCeWFP2aQSmrlroYgqAV1PjStIhJXxYuTgUIfkEk7zTLjmIjLmU5q+fbD1NnOJA==",
      "requires": {
        "performance-now": "^2.1.0"
      }
    },
    "react-is": {
      "version": "16.13.1",
      "resolved": "https://registry.npmjs.org/react-is/-/react-is-16.13.1.tgz",
      "integrity": "sha512-24e6ynE2H+OKt4kqsOvNd8kBpV65zoxbA4BVsEOB3ARVWQki/DHzaUoC5KuON/BiccDaCCTZBuOcfZs70kR8bQ=="
    },
    "typed.js": {
      "version": "2.0.11",
      "resolved": "https://registry.npmjs.org/typed.js/-/typed.js-2.0.11.tgz",
      "integrity": "sha512-1ZORHalEyLob34q738mqmwp0pT6syMigB1SZuTItqdhovWBKFIt7I5uVALXAGQZCg2MCtihCt6uqkoqPJK+9iQ=="
    },
    "typewriter-effect": {
      "version": "2.17.0",
      "resolved": "https://registry.npmjs.org/typewriter-effect/-/typewriter-effect-2.17.0.tgz",
      "integrity": "sha512-cm1By4n2PtClIlyvVtL22BOBxDJZl6dqNqbs5UShteWgX4ovBZG5q2iEIFKG+0JS17O0NXUdtiOSlbQrEnZleg==",
      "requires": {
        "prop-types": "^15.6.2",
        "raf": "^3.4.0"
      }
    },
    "waypoints": {
      "version": "4.0.1",
      "resolved": "https://registry.npmjs.org/waypoints/-/waypoints-4.0.1.tgz",
      "integrity": "sha1-CZeaBXOBCylifLpDZqKEoGLsacg="
    }
  }
}
